
Microsoft Visual Studio Solution File, Format Version 12.00
# Visual Studio Version 17
VisualStudioVersion = 17.7.34018.315
MinimumVisualStudioVersion = 10.0.40219.1
Project("{FAE04EC0-301F-11D3-BF4B-00C04F79EFBC}") = "AplicacionWeb", "AplicacionWeb\AplicacionWeb.csproj", "{515D43BD-CBCC-4C9C-AE86-1DDDE6421774}"
EndProject
Global
	GlobalSection(SolutionConfigurationPlatforms) = preSolution
		Debug|Any CPU = Debug|Any CPU
		Release|Any CPU = Release|Any CPU
	EndGlobalSection
	GlobalSection(ProjectConfigurationPlatforms) = postSolution
		{515D43BD-CBCC-4C9C-AE86-1DDDE6421774}.Debug|Any CPU.ActiveCfg = Debug|Any CPU
		{515D43BD-CBCC-4C9C-AE86-1DDDE6421774}.Debug|Any CPU.Build.0 = Debug|Any CPU
		{515D43BD-CBCC-4C9C-AE86-1DDDE6421774}.Release|Any CPU.ActiveCfg = Release|Any CPU
		{515D43BD-CBCC-4C9C-AE86-1DDDE6421774}.Release|Any CPU.Build.0 = Release|Any CPU
	EndGlobalSection
	GlobalSection(SolutionProperties) = preSolution
		HideSolutionNode = FALSE
	EndGlobalSection
	GlobalSection(ExtensibilityGlobals) = postSolution
		SolutionGuid = {E0CB5DD0-1988-44C0-B80A-A7009882FFA2}
	EndGlobalSection
EndGlobal
